
Microsoft Visual Studio Solution File, Format Version 12.00
# Visual Studio Version 17
VisualStudioVersion = 17.1.32421.90
MinimumVisualStudioVersion = 10.0.40219.1
Project("{FAE04EC0-301F-11D3-BF4B-00C04F79EFBC}") = "SayWhat.Forms", "SayWhat.Forms\SayWhat.Forms.csproj", "{D2F4D949-C161-44CD-9476-6C59FC542A21}"
EndProject
Global
	GlobalSection(SolutionConfigurationPlatforms) = preSolution
		Debug|Any CPU = Debug|Any CPU
		Debug|iPhone = Debug|iPhone
		Debug|iPhoneSimulator = Debug|iPhoneSimulator
		Release|Any CPU = Release|Any CPU
		Release|iPhone = Release|iPhone
		Release|iPhoneSimulator = Release|iPhoneSimulator
	EndGlobalSection
	GlobalSection(ProjectConfigurationPlatforms) = postSolution
		{D2F4D949-C161-44CD-9476-6C59FC542A21}.Debug|Any CPU.ActiveCfg = Debug|Any CPU
		{D2F4D949-C161-44CD-9476-6C59FC542A21}.Debug|Any CPU.Build.0 = Debug|Any CPU
		{D2F4D949-C161-44CD-9476-6C59FC542A21}.Debug|iPhone.ActiveCfg = Debug|Any CPU
		{D2F4D949-C161-44CD-9476-6C59FC542A21}.Debug|iPhone.Build.0 = Debug|Any CPU
		{D2F4D949-C161-44CD-9476-6C59FC542A21}.Debug|iPhoneSimulator.ActiveCfg = Debug|Any CPU
		{D2F4D949-C161-44CD-9476-6C59FC542A21}.Debug|iPhoneSimulator.Build.0 = Debug|Any CPU
		{D2F4D949-C161-44CD-9476-6C59FC542A21}.Release|Any CPU.ActiveCfg = Release|Any CPU
		{D2F4D949-C161-44CD-9476-6C59FC542A21}.Release|Any CPU.Build.0 = Release|Any CPU
		{D2F4D949-C161-44CD-9476-6C59FC542A21}.Release|iPhone.ActiveCfg = Release|Any CPU
		{D2F4D949-C161-44CD-9476-6C59FC542A21}.Release|iPhone.Build.0 = Release|Any CPU
		{D2F4D949-C161-44CD-9476-6C59FC542A21}.Release|iPhoneSimulator.ActiveCfg = Release|Any CPU
		{D2F4D949-C161-44CD-9476-6C59FC542A21}.Release|iPhoneSimulator.Build.0 = Release|Any CPU
	EndGlobalSection
	GlobalSection(SolutionProperties) = preSolution
		HideSolutionNode = FALSE
	EndGlobalSection
	GlobalSection(ExtensibilityGlobals) = postSolution
		SolutionGuid = {4D2E544D-66DF-4442-A2B8-994EC9B5F6D9}
	EndGlobalSection
EndGlobal
